{
  "pins" : [
    {
      "identity" : "swipeactions",
      "kind" : "remoteSourceControl",
      "location" : "https://github.com/c-villain/SwipeActions",
      "state" : {
        "revision" : "39c6d7f686746881adb3d44638ec330acbeb4f37",
        "version" : "0.3.3"
      }
    }
  ],
  "version" : 2
}
